// !$*UTF8*$!
{
	archiveVersion = 1;
	classes = {
	};
	objectVersion = 77;
	objects = {

/* Begin PBXContainerItemProxy section */
		6AC2F4BA2E2161CC00F4064A /* PBXContainerItemProxy */ = {
			isa = PBXContainerItemProxy;
			containerPortal = 6AC2F4A42E2161CA00F4064A /* Project object */;
			proxyType = 1;
			remoteGlobalIDString = 6AC2F4AB2E2161CA00F4064A;
			remoteInfo = "Simple Miles";
		};
		6AC2F4C42E2161CC00F4064A /* PBXContainerItemProxy */ = {
			isa = PBXContainerItemProxy;
			containerPortal = 6AC2F4A42E2161CA00F4064A /* Project object */;
			proxyType = 1;
			remoteGlobalIDString = 6AC2F4AB2E2161CA00F4064A;
			remoteInfo = "Simple Miles";
		};
/* End PBXContainerItemProxy section */

/* Begin PBXCopyFilesBuildPhase section */
		6A2C07F52E3D5FF5005B8149 /* Embed Foundation Extensions */ = {
			isa = PBXCopyFilesBuildPhase;
			buildActionMask = 2147483647;
			dstPath = "";
			dstSubfolderSpec = 13;
			files = (
			);
			name = "Embed Foundation Extensions";
			runOnlyForDeploymentPostprocessing = 0;
		};
/* End PBXCopyFilesBuildPhase section */

/* Begin PBXFileReference section */
		6A2C07DC2E3D5FF2005B8149 /* WidgetKit.framework */ = {isa = PBXFileReference; lastKnownFileType = wrapper.framework; name = WidgetKit.framework; path = System/Library/Frameworks/WidgetKit.framework; sourceTree = SDKROOT; };
		6A2C07DE2E3D5FF2005B8149 /* SwiftUI.framework */ = {isa = PBXFileReference; lastKnownFileType = wrapper.framework; name = SwiftUI.framework; path = System/Library/Frameworks/SwiftUI.framework; sourceTree = SDKROOT; };
		6A2C07FD2E3E6249005B8149 /* LiveTripTrackingExtension.entitlements */ = {isa = PBXFileReference; lastKnownFileType = text.plist.entitlements; path = LiveTripTrackingExtension.entitlements; sourceTree = "<group>"; };
		6A2C07FE2E3E62A1005B8149 /* SimpleMiles.entitlements */ = {isa = PBXFileReference; lastKnownFileType = text.plist.entitlements; path = SimpleMiles.entitlements; sourceTree = "<group>"; };
		6AC2F4AC2E2161CA00F4064A /* SimpleMiles.app */ = {isa = PBXFileReference; explicitFileType = wrapper.application; includeInIndex = 0; path = SimpleMiles.app; sourceTree = BUILT_PRODUCTS_DIR; };
		6AC2F4B92E2161CC00F4064A /* SimpleMilesTests.xctest */ = {isa = PBXFileReference; explicitFileType = wrapper.cfbundle; includeInIndex = 0; path = SimpleMilesTests.xctest; sourceTree = BUILT_PRODUCTS_DIR; };
		6AC2F4C32E2161CC00F4064A /* SimpleMilesUITests.xctest */ = {isa = PBXFileReference; explicitFileType = wrapper.cfbundle; includeInIndex = 0; path = SimpleMilesUITests.xctest; sourceTree = BUILT_PRODUCTS_DIR; };
		6ACE7CE82E26D51400D6F470 /* SimpleMiles-Info.plist */ = {isa = PBXFileReference; lastKnownFileType = text.plist.xml; path = "SimpleMiles-Info.plist"; sourceTree = "<group>"; };
/* End PBXFileReference section */

/* Begin PBXFileSystemSynchronizedRootGroup section */
		6AB55A122E22F84F00DCEF27 /* Features */ = {
			isa = PBXFileSystemSynchronizedRootGroup;
			path = Features;
			sourceTree = "<group>";
		};
		6AB55A252E22F90500DCEF27 /* Utilities */ = {
			isa = PBXFileSystemSynchronizedRootGroup;
			path = Utilities;
			sourceTree = "<group>";
		};
		6AB55A442E22F9FC00DCEF27 /* Resources */ = {
			isa = PBXFileSystemSynchronizedRootGroup;
			path = Resources;
			sourceTree = "<group>";
		};
		6AB55A462E22FA2100DCEF27 /* App */ = {
			isa = PBXFileSystemSynchronizedRootGroup;
			path = App;
			sourceTree = "<group>";
		};
		6AFEC42B2E4B808E0031837F /* Design */ = {
			isa = PBXFileSystemSynchronizedRootGroup;
			path = Design;
			sourceTree = "<group>";
		};
/* End PBXFileSystemSynchronizedRootGroup section */

/* Begin PBXFrameworksBuildPhase section */
		6AC2F4A92E2161CA00F4064A /* Frameworks */ = {
			isa = PBXFrameworksBuildPhase;
			buildActionMask = 2147483647;
			files = (
			);
			runOnlyForDeploymentPostprocessing = 0;
		};
		6AC2F4B62E2161CC00F4064A /* Frameworks */ = {
			isa = PBXFrameworksBuildPhase;
			buildActionMask = 2147483647;
			files = (
			);
			runOnlyForDeploymentPostprocessing = 0;
		};
		6AC2F4C02E2161CC00F4064A /* Frameworks */ = {
			isa = PBXFrameworksBuildPhase;
			buildActionMask = 2147483647;
			files = (
			);
			runOnlyForDeploymentPostprocessing = 0;
		};
/* End PBXFrameworksBuildPhase section */

/* Begin PBXGroup section */
		6A2C07DB2E3D5FF2005B8149 /* Frameworks */ = {
			isa = PBXGroup;
			children = (
				6A2C07DC2E3D5FF2005B8149 /* WidgetKit.framework */,
				6A2C07DE2E3D5FF2005B8149 /* SwiftUI.framework */,
			);
			name = Frameworks;
			sourceTree = "<group>";
		};
		6AC2F4A32E2161CA00F4064A = {
			isa = PBXGroup;
			children = (
				6AFEC42B2E4B808E0031837F /* Design */,
				6A2C07FE2E3E62A1005B8149 /* SimpleMiles.entitlements */,
				6A2C07FD2E3E6249005B8149 /* LiveTripTrackingExtension.entitlements */,
				6AB55A462E22FA2100DCEF27 /* App */,
				6AB55A442E22F9FC00DCEF27 /* Resources */,
				6AB55A252E22F90500DCEF27 /* Utilities */,
				6AB55A122E22F84F00DCEF27 /* Features */,
				6A2C07DB2E3D5FF2005B8149 /* Frameworks */,
				6AC2F4AD2E2161CA00F4064A /* Products */,
				6ACE7CE82E26D51400D6F470 /* SimpleMiles-Info.plist */,
			);
			sourceTree = "<group>";
		};
		6AC2F4AD2E2161CA00F4064A /* Products */ = {
			isa = PBXGroup;
			children = (
				6AC2F4AC2E2161CA00F4064A /* SimpleMiles.app */,
				6AC2F4B92E2161CC00F4064A /* SimpleMilesTests.xctest */,
				6AC2F4C32E2161CC00F4064A /* SimpleMilesUITests.xctest */,
			);
			name = Products;
			sourceTree = "<group>";
		};
/* End PBXGroup section */

/* Begin PBXNativeTarget section */
		6AC2F4AB2E2161CA00F4064A /* SimpleMiles */ = {
			isa = PBXNativeTarget;
			buildConfigurationList = 6AC2F4CD2E2161CC00F4064A /* Build configuration list for PBXNativeTarget "SimpleMiles" */;
			buildPhases = (
				6AC2F4A82E2161CA00F4064A /* Sources */,
				6AC2F4A92E2161CA00F4064A /* Frameworks */,
				6AC2F4AA2E2161CA00F4064A /* Resources */,
				6A2C07F52E3D5FF5005B8149 /* Embed Foundation Extensions */,
			);
			buildRules = (
			);
			dependencies = (
			);
			fileSystemSynchronizedGroups = (
				6AB55A122E22F84F00DCEF27 /* Features */,
				6AB55A252E22F90500DCEF27 /* Utilities */,
				6AB55A442E22F9FC00DCEF27 /* Resources */,
				6AB55A462E22FA2100DCEF27 /* App */,
				6AFEC42B2E4B808E0031837F /* Design */,
			);
			name = SimpleMiles;
			packageProductDependencies = (
			);
			productName = "Simple Miles";
			productReference = 6AC2F4AC2E2161CA00F4064A /* SimpleMiles.app */;
			productType = "com.apple.product-type.application";
		};
		6AC2F4B82E2161CC00F4064A /* SimpleMilesTests */ = {
			isa = PBXNativeTarget;
			buildConfigurationList = 6AC2F4D02E2161CC00F4064A /* Build configuration list for PBXNativeTarget "SimpleMilesTests" */;
			buildPhases = (
				6AC2F4B52E2161CC00F4064A /* Sources */,
				6AC2F4B62E2161CC00F4064A /* Frameworks */,
				6AC2F4B72E2161CC00F4064A /* Resources */,
			);
			buildRules = (
			);
			dependencies = (
				6AC2F4BB2E2161CC00F4064A /* PBXTargetDependency */,
			);
			name = SimpleMilesTests;
			packageProductDependencies = (
			);
			productName = "Simple MilesTests";
			productReference = 6AC2F4B92E2161CC00F4064A /* SimpleMilesTests.xctest */;
			productType = "com.apple.product-type.bundle.unit-test";
		};
		6AC2F4C22E2161CC00F4064A /* SimpleMilesUITests */ = {
			isa = PBXNativeTarget;
			buildConfigurationList = 6AC2F4D32E2161CC00F4064A /* Build configuration list for PBXNativeTarget "SimpleMilesUITests" */;
			buildPhases = (
				6AC2F4BF2E2161CC00F4064A /* Sources */,
				6AC2F4C02E2161CC00F4064A /* Frameworks */,
				6AC2F4C12E2161CC00F4064A /* Resources */,
			);
			buildRules = (
			);
			dependencies = (
				6AC2F4C52E2161CC00F4064A /* PBXTargetDependency */,
			);
			name = SimpleMilesUITests;
			packageProductDependencies = (
			);
			productName = "Simple MilesUITests";
			productReference = 6AC2F4C32E2161CC00F4064A /* SimpleMilesUITests.xctest */;
			productType = "com.apple.product-type.bundle.ui-testing";
		};
/* End PBXNativeTarget section */

/* Begin PBXProject section */
		6AC2F4A42E2161CA00F4064A /* Project object */ = {
			isa = PBXProject;
			attributes = {
				BuildIndependentTargetsInParallel = 1;
				LastSwiftUpdateCheck = 1640;
				LastUpgradeCheck = 2600;
				TargetAttributes = {
					6AC2F4AB2E2161CA00F4064A = {
						CreatedOnToolsVersion = 16.4;
					};
					6AC2F4B82E2161CC00F4064A = {
						CreatedOnToolsVersion = 16.4;
						TestTargetID = 6AC2F4AB2E2161CA00F4064A;
					};
					6AC2F4C22E2161CC00F4064A = {
						CreatedOnToolsVersion = 16.4;
						TestTargetID = 6AC2F4AB2E2161CA00F4064A;
					};
				};
			};
			buildConfigurationList = 6AC2F4A72E2161CA00F4064A /* Build configuration list for PBXProject "SimpleMiles" */;
			developmentRegion = en;
			hasScannedForEncodings = 0;
			knownRegions = (
				en,
				Base,
			);
			mainGroup = 6AC2F4A32E2161CA00F4064A;
			minimizedProjectReferenceProxies = 1;
			packageReferences = (
			);
			preferredProjectObjectVersion = 77;
			productRefGroup = 6AC2F4AD2E2161CA00F4064A /* Products */;
			projectDirPath = "";
			projectRoot = "";
			targets = (
				6AC2F4AB2E2161CA00F4064A /* SimpleMiles */,
				6AC2F4B82E2161CC00F4064A /* SimpleMilesTests */,
				6AC2F4C22E2161CC00F4064A /* SimpleMilesUITests */,
			);
		};
/* End PBXProject section */

/* Begin PBXResourcesBuildPhase section */
		6AC2F4AA2E2161CA00F4064A /* Resources */ = {
			isa = PBXResourcesBuildPhase;
			buildActionMask = 2147483647;
			files = (
			);
			runOnlyForDeploymentPostprocessing = 0;
		};
		6AC2F4B72E2161CC00F4064A /* Resources */ = {
			isa = PBXResourcesBuildPhase;
			buildActionMask = 2147483647;
			files = (
			);
			runOnlyForDeploymentPostprocessing = 0;
		};
		6AC2F4C12E2161CC00F4064A /* Resources */ = {
			isa = PBXResourcesBuildPhase;
			buildActionMask = 2147483647;
			files = (
			);
			runOnlyForDeploymentPostprocessing = 0;
		};
/* End PBXResourcesBuildPhase section */

/* Begin PBXSourcesBuildPhase section */
		6AC2F4A82E2161CA00F4064A /* Sources */ = {
			isa = PBXSourcesBuildPhase;
			buildActionMask = 2147483647;
			files = (
			);
			runOnlyForDeploymentPostprocessing = 0;
		};
		6AC2F4B52E2161CC00F4064A /* Sources */ = {
			isa = PBXSourcesBuildPhase;
			buildActionMask = 2147483647;
			files = (
			);
			runOnlyForDeploymentPostprocessing = 0;
		};
		6AC2F4BF2E2161CC00F4064A /* Sources */ = {
			isa = PBXSourcesBuildPhase;
			buildActionMask = 2147483647;
			files = (
			);
			runOnlyForDeploymentPostprocessing = 0;
		};
/* End PBXSourcesBuildPhase section */

/* Begin PBXTargetDependency section */
		6AC2F4BB2E2161CC00F4064A /* PBXTargetDependency */ = {
			isa = PBXTargetDependency;
			target = 6AC2F4AB2E2161CA00F4064A /* SimpleMiles */;
			targetProxy = 6AC2F4BA2E2161CC00F4064A /* PBXContainerItemProxy */;
		};
		6AC2F4C52E2161CC00F4064A /* PBXTargetDependency */ = {
			isa = PBXTargetDependency;
			target = 6AC2F4AB2E2161CA00F4064A /* SimpleMiles */;
			targetProxy = 6AC2F4C42E2161CC00F4064A /* PBXContainerItemProxy */;
		};
/* End PBXTargetDependency section */

/* Begin XCBuildConfiguration section */
		6AC2F4CB2E2161CC00F4064A /* Debug */ = {
			isa = XCBuildConfiguration;
			buildSettings = {
				ALWAYS_SEARCH_USER_PATHS = NO;
				ASSETCATALOG_COMPILER_GENERATE_SWIFT_ASSET_SYMBOL_EXTENSIONS = YES;
				CLANG_ANALYZER_NONNULL = YES;
				CLANG_ANALYZER_NUMBER_OBJECT_CONVERSION = YES_AGGRESSIVE;
				CLANG_CXX_LANGUAGE_STANDARD = "gnu++20";
				CLANG_ENABLE_MODULES = YES;
				CLANG_ENABLE_OBJC_ARC = YES;
				CLANG_ENABLE_OBJC_WEAK = YES;
				CLANG_WARN_BLOCK_CAPTURE_AUTORELEASING = YES;
				CLANG_WARN_BOOL_CONVERSION = YES;
				CLANG_WARN_COMMA = YES;
				CLANG_WARN_CONSTANT_CONVERSION = YES;
				CLANG_WARN_DEPRECATED_OBJC_IMPLEMENTATIONS = YES;
				CLANG_WARN_DIRECT_OBJC_ISA_USAGE = YES_ERROR;
				CLANG_WARN_DOCUMENTATION_COMMENTS = YES;
				CLANG_WARN_EMPTY_BODY = YES;
				CLANG_WARN_ENUM_CONVERSION = YES;
				CLANG_WARN_INFINITE_RECURSION = YES;
				CLANG_WARN_INT_CONVERSION = YES;
				CLANG_WARN_NON_LITERAL_NULL_CONVERSION = YES;
				CLANG_WARN_OBJC_IMPLICIT_RETAIN_SELF = YES;
				CLANG_WARN_OBJC_LITERAL_CONVERSION = YES;
				CLANG_WARN_OBJC_ROOT_CLASS = YES_ERROR;
				CLANG_WARN_QUOTED_INCLUDE_IN_FRAMEWORK_HEADER = YES;
				CLANG_WARN_RANGE_LOOP_ANALYSIS = YES;
				CLANG_WARN_STRICT_PROTOTYPES = YES;
				CLANG_WARN_SUSPICIOUS_MOVE = YES;
				CLANG_WARN_UNGUARDED_AVAILABILITY = YES_AGGRESSIVE;
				CLANG_WARN_UNREACHABLE_CODE = YES;
				CLANG_WARN__DUPLICATE_METHOD_MATCH = YES;
				COPY_PHASE_STRIP = NO;
				DEBUG_INFORMATION_FORMAT = dwarf;
				DEVELOPMENT_TEAM = 6N8KA8WNG4;
				ENABLE_STRICT_OBJC_MSGSEND = YES;
				ENABLE_TESTABILITY = YES;
				ENABLE_USER_SCRIPT_SANDBOXING = YES;
				GCC_C_LANGUAGE_STANDARD = gnu17;
				GCC_DYNAMIC_NO_PIC = NO;
				GCC_NO_COMMON_BLOCKS = YES;
				GCC_OPTIMIZATION_LEVEL = 0;
				GCC_PREPROCESSOR_DEFINITIONS = (
					"DEBUG=1",
					"$(inherited)",
				);
				GCC_WARN_64_TO_32_BIT_CONVERSION = YES;
				GCC_WARN_ABOUT_RETURN_TYPE = YES_ERROR;
				GCC_WARN_UNDECLARED_SELECTOR = YES;
				GCC_WARN_UNINITIALIZED_AUTOS = YES_AGGRESSIVE;
				GCC_WARN_UNUSED_FUNCTION = YES;
				GCC_WARN_UNUSED_VARIABLE = YES;
				IPHONEOS_DEPLOYMENT_TARGET = 18.5;
				LOCALIZATION_PREFERS_STRING_CATALOGS = YES;
				MTL_ENABLE_DEBUG_INFO = INCLUDE_SOURCE;
				MTL_FAST_MATH = YES;
				ONLY_ACTIVE_ARCH = YES;
				SDKROOT = iphoneos;
				STRING_CATALOG_GENERATE_SYMBOLS = YES;
				SWIFT_ACTIVE_COMPILATION_CONDITIONS = "DEBUG $(inherited)";
				SWIFT_OPTIMIZATION_LEVEL = "-Onone";
			};
			name = Debug;
		};
		6AC2F4CC2E2161CC00F4064A /* Release */ = {
			isa = XCBuildConfiguration;
			buildSettings = {
				ALWAYS_SEARCH_USER_PATHS = NO;
				ASSETCATALOG_COMPILER_GENERATE_SWIFT_ASSET_SYMBOL_EXTENSIONS = YES;
				CLANG_ANALYZER_NONNULL = YES;
				CLANG_ANALYZER_NUMBER_OBJECT_CONVERSION = YES_AGGRESSIVE;
				CLANG_CXX_LANGUAGE_STANDARD = "gnu++20";
				CLANG_ENABLE_MODULES = YES;
				CLANG_ENABLE_OBJC_ARC = YES;
				CLANG_ENABLE_OBJC_WEAK = YES;
				CLANG_WARN_BLOCK_CAPTURE_AUTORELEASING = YES;
				CLANG_WARN_BOOL_CONVERSION = YES;
				CLANG_WARN_COMMA = YES;
				CLANG_WARN_CONSTANT_CONVERSION = YES;
				CLANG_WARN_DEPRECATED_OBJC_IMPLEMENTATIONS = YES;
				CLANG_WARN_DIRECT_OBJC_ISA_USAGE = YES_ERROR;
				CLANG_WARN_DOCUMENTATION_COMMENTS = YES;
				CLANG_WARN_EMPTY_BODY = YES;
				CLANG_WARN_ENUM_CONVERSION = YES;
				CLANG_WARN_INFINITE_RECURSION = YES;
				CLANG_WARN_INT_CONVERSION = YES;
				CLANG_WARN_NON_LITERAL_NULL_CONVERSION = YES;
				CLANG_WARN_OBJC_IMPLICIT_RETAIN_SELF = YES;
				CLANG_WARN_OBJC_LITERAL_CONVERSION = YES;
				CLANG_WARN_OBJC_ROOT_CLASS = YES_ERROR;
				CLANG_WARN_QUOTED_INCLUDE_IN_FRAMEWORK_HEADER = YES;
				CLANG_WARN_RANGE_LOOP_ANALYSIS = YES;
				CLANG_WARN_STRICT_PROTOTYPES = YES;
				CLANG_WARN_SUSPICIOUS_MOVE = YES;
				CLANG_WARN_UNGUARDED_AVAILABILITY = YES_AGGRESSIVE;
				CLANG_WARN_UNREACHABLE_CODE = YES;
				CLANG_WARN__DUPLICATE_METHOD_MATCH = YES;
				COPY_PHASE_STRIP = NO;
				DEBUG_INFORMATION_FORMAT = "dwarf-with-dsym";
				DEVELOPMENT_TEAM = 6N8KA8WNG4;
				ENABLE_NS_ASSERTIONS = NO;
				ENABLE_STRICT_OBJC_MSGSEND = YES;
				ENABLE_USER_SCRIPT_SANDBOXING = YES;
				GCC_C_LANGUAGE_STANDARD = gnu17;
				GCC_NO_COMMON_BLOCKS = YES;
				GCC_WARN_64_TO_32_BIT_CONVERSION = YES;
				GCC_WARN_ABOUT_RETURN_TYPE = YES_ERROR;
				GCC_WARN_UNDECLARED_SELECTOR = YES;
				GCC_WARN_UNINITIALIZED_AUTOS = YES_AGGRESSIVE;
				GCC_WARN_UNUSED_FUNCTION = YES;
				GCC_WARN_UNUSED_VARIABLE = YES;
				IPHONEOS_DEPLOYMENT_TARGET = 18.5;
				LOCALIZATION_PREFERS_STRING_CATALOGS = YES;
				MTL_ENABLE_DEBUG_INFO = NO;
				MTL_FAST_MATH = YES;
				SDKROOT = iphoneos;
				STRING_CATALOG_GENERATE_SYMBOLS = YES;
				SWIFT_COMPILATION_MODE = wholemodule;
				VALIDATE_PRODUCT = YES;
			};
			name = Release;
		};
		6AC2F4CE2E2161CC00F4064A /* Debug */ = {
			isa = XCBuildConfiguration;
			buildSettings = {
				ASSETCATALOG_COMPILER_APPICON_NAME = AppIcon;
				ASSETCATALOG_COMPILER_GLOBAL_ACCENT_COLOR_NAME = AccentColor;
				CODE_SIGN_ENTITLEMENTS = SimpleMiles.entitlements;
				CODE_SIGN_STYLE = Automatic;
				CURRENT_PROJECT_VERSION = 1;
				DEVELOPMENT_TEAM = 6N8KA8WNG4;
				ENABLE_PREVIEWS = YES;
				GENERATE_INFOPLIST_FILE = YES;
				INFOPLIST_FILE = "SimpleMiles-Info.plist";
				INFOPLIST_KEY_NSLocationAlwaysAndWhenInUseUsageDescription = "SimpleMiles uses your location to detect trips while you drive, even when the app is closed or running in the background.";
				INFOPLIST_KEY_NSLocationAlwaysUsageDescription = "This app needs access to your location even when the app is in the background to track your trips accurately.\n";
				INFOPLIST_KEY_NSLocationUsageDescription = "This app requires location access to detect and record your driving trips.";
				INFOPLIST_KEY_NSLocationWhenInUseUsageDescription = "SimpleMiles uses your location while the app is open to identify and track trips.\n";
				INFOPLIST_KEY_NSSupportsLiveActivities = YES;
				INFOPLIST_KEY_NSSupportsLiveActivitiesFrequentUpdates = YES;
				INFOPLIST_KEY_UIApplicationSceneManifest_Generation = YES;
				INFOPLIST_KEY_UIApplicationSupportsIndirectInputEvents = YES;
				INFOPLIST_KEY_UILaunchScreen_Generation = YES;
				INFOPLIST_KEY_UISupportedInterfaceOrientations = UIInterfaceOrientationPortrait;
				INFOPLIST_KEY_UISupportedInterfaceOrientations_iPad = "UIInterfaceOrientationLandscapeLeft UIInterfaceOrientationLandscapeRight UIInterfaceOrientationPortrait UIInterfaceOrientationPortraitUpsideDown";
				INFOPLIST_KEY_WKSupportsLiveActivityLaunchAttributeTypes = "";
				IPHONEOS_DEPLOYMENT_TARGET = 26.0;
				LD_RUNPATH_SEARCH_PATHS = (
					"$(inherited)",
					"@executable_path/Frameworks",
				);
				MARKETING_VERSION = 1.0;
				PRODUCT_BUNDLE_IDENTIFIER = "i-maneo.Simple-Miles";
				PRODUCT_NAME = "$(TARGET_NAME)";
				SWIFT_EMIT_LOC_STRINGS = YES;
				SWIFT_VERSION = 5.0;
				TARGETED_DEVICE_FAMILY = "1,2";
			};
			name = Debug;
		};
		6AC2F4CF2E2161CC00F4064A /* Release */ = {
			isa = XCBuildConfiguration;
			buildSettings = {
				ASSETCATALOG_COMPILER_APPICON_NAME = AppIcon;
				ASSETCATALOG_COMPILER_GLOBAL_ACCENT_COLOR_NAME = AccentColor;
				CODE_SIGN_ENTITLEMENTS = SimpleMiles.entitlements;
				CODE_SIGN_STYLE = Automatic;
				CURRENT_PROJECT_VERSION = 1;
				DEVELOPMENT_TEAM = 6N8KA8WNG4;
				ENABLE_PREVIEWS = YES;
				GENERATE_INFOPLIST_FILE = YES;
				INFOPLIST_FILE = "SimpleMiles-Info.plist";
				INFOPLIST_KEY_NSLocationAlwaysAndWhenInUseUsageDescription = "SimpleMiles uses your location to detect trips while you drive, even when the app is closed or running in the background.";
				INFOPLIST_KEY_NSLocationAlwaysUsageDescription = "This app needs access to your location even when the app is in the background to track your trips accurately.\n";
				INFOPLIST_KEY_NSLocationUsageDescription = "This app requires location access to detect and record your driving trips.";
				INFOPLIST_KEY_NSLocationWhenInUseUsageDescription = "SimpleMiles uses your location while the app is open to identify and track trips.\n";
				INFOPLIST_KEY_NSSupportsLiveActivities = YES;
				INFOPLIST_KEY_NSSupportsLiveActivitiesFrequentUpdates = YES;
				INFOPLIST_KEY_UIApplicationSceneManifest_Generation = YES;
				INFOPLIST_KEY_UIApplicationSupportsIndirectInputEvents = YES;
				INFOPLIST_KEY_UILaunchScreen_Generation = YES;
				INFOPLIST_KEY_UISupportedInterfaceOrientations = UIInterfaceOrientationPortrait;
				INFOPLIST_KEY_UISupportedInterfaceOrientations_iPad = "UIInterfaceOrientationLandscapeLeft UIInterfaceOrientationLandscapeRight UIInterfaceOrientationPortrait UIInterfaceOrientationPortraitUpsideDown";
				INFOPLIST_KEY_WKSupportsLiveActivityLaunchAttributeTypes = "";
				IPHONEOS_DEPLOYMENT_TARGET = 26.0;
				LD_RUNPATH_SEARCH_PATHS = (
					"$(inherited)",
					"@executable_path/Frameworks",
				);
				MARKETING_VERSION = 1.0;
				PRODUCT_BUNDLE_IDENTIFIER = "i-maneo.Simple-Miles";
				PRODUCT_NAME = "$(TARGET_NAME)";
				SWIFT_EMIT_LOC_STRINGS = YES;
				SWIFT_VERSION = 5.0;
				TARGETED_DEVICE_FAMILY = "1,2";
			};
			name = Release;
		};
		6AC2F4D12E2161CC00F4064A /* Debug */ = {
			isa = XCBuildConfiguration;
			buildSettings = {
				BUNDLE_LOADER = "$(TEST_HOST)";
				CODE_SIGN_STYLE = Automatic;
				CURRENT_PROJECT_VERSION = 1;
				DEVELOPMENT_TEAM = 6N8KA8WNG4;
				GENERATE_INFOPLIST_FILE = YES;
				IPHONEOS_DEPLOYMENT_TARGET = 26.0;
				MARKETING_VERSION = 1.0;
				PRODUCT_BUNDLE_IDENTIFIER = "i-maneo.Simple-MilesTests";
				PRODUCT_NAME = "$(TARGET_NAME)";
				SWIFT_EMIT_LOC_STRINGS = NO;
				SWIFT_VERSION = 5.0;
				TARGETED_DEVICE_FAMILY = "1,2";
				TEST_HOST = "$(BUILT_PRODUCTS_DIR)/SimpleMiles.app/$(BUNDLE_EXECUTABLE_FOLDER_PATH)/SimpleMiles";
			};
			name = Debug;
		};
		6AC2F4D22E2161CC00F4064A /* Release */ = {
			isa = XCBuildConfiguration;
			buildSettings = {
				BUNDLE_LOADER = "$(TEST_HOST)";
				CODE_SIGN_STYLE = Automatic;
				CURRENT_PROJECT_VERSION = 1;
				DEVELOPMENT_TEAM = 6N8KA8WNG4;
				GENERATE_INFOPLIST_FILE = YES;
				IPHONEOS_DEPLOYMENT_TARGET = 26.0;
				MARKETING_VERSION = 1.0;
				PRODUCT_BUNDLE_IDENTIFIER = "i-maneo.Simple-MilesTests";
				PRODUCT_NAME = "$(TARGET_NAME)";
				SWIFT_EMIT_LOC_STRINGS = NO;
				SWIFT_VERSION = 5.0;
				TARGETED_DEVICE_FAMILY = "1,2";
				TEST_HOST = "$(BUILT_PRODUCTS_DIR)/SimpleMiles.app/$(BUNDLE_EXECUTABLE_FOLDER_PATH)/SimpleMiles";
			};
			name = Release;
		};
		6AC2F4D42E2161CC00F4064A /* Debug */ = {
			isa = XCBuildConfiguration;
			buildSettings = {
				CODE_SIGN_STYLE = Automatic;
				CURRENT_PROJECT_VERSION = 1;
				DEVELOPMENT_TEAM = 6N8KA8WNG4;
				GENERATE_INFOPLIST_FILE = YES;
				IPHONEOS_DEPLOYMENT_TARGET = 26.0;
				MARKETING_VERSION = 1.0;
				PRODUCT_BUNDLE_IDENTIFIER = "i-maneo.Simple-MilesUITests";
				PRODUCT_NAME = "$(TARGET_NAME)";
				SWIFT_EMIT_LOC_STRINGS = NO;
				SWIFT_VERSION = 5.0;
				TARGETED_DEVICE_FAMILY = "1,2";
				TEST_TARGET_NAME = "Simple Miles";
			};
			name = Debug;
		};
		6AC2F4D52E2161CC00F4064A /* Release */ = {
			isa = XCBuildConfiguration;
			buildSettings = {
				CODE_SIGN_STYLE = Automatic;
				CURRENT_PROJECT_VERSION = 1;
				DEVELOPMENT_TEAM = 6N8KA8WNG4;
				GENERATE_INFOPLIST_FILE = YES;
				IPHONEOS_DEPLOYMENT_TARGET = 26.0;
				MARKETING_VERSION = 1.0;
				PRODUCT_BUNDLE_IDENTIFIER = "i-maneo.Simple-MilesUITests";
				PRODUCT_NAME = "$(TARGET_NAME)";
				SWIFT_EMIT_LOC_STRINGS = NO;
				SWIFT_VERSION = 5.0;
				TARGETED_DEVICE_FAMILY = "1,2";
				TEST_TARGET_NAME = "Simple Miles";
			};
			name = Release;
		};
/* End XCBuildConfiguration section */

/* Begin XCConfigurationList section */
		6AC2F4A72E2161CA00F4064A /* Build configuration list for PBXProject "SimpleMiles" */ = {
			isa = XCConfigurationList;
			buildConfigurations = (
				6AC2F4CB2E2161CC00F4064A /* Debug */,
				6AC2F4CC2E2161CC00F4064A /* Release */,
			);
			defaultConfigurationIsVisible = 0;
			defaultConfigurationName = Release;
		};
		6AC2F4CD2E2161CC00F4064A /* Build configuration list for PBXNativeTarget "SimpleMiles" */ = {
			isa = XCConfigurationList;
			buildConfigurations = (
				6AC2F4CE2E2161CC00F4064A /* Debug */,
				6AC2F4CF2E2161CC00F4064A /* Release */,
			);
			defaultConfigurationIsVisible = 0;
			defaultConfigurationName = Release;
		};
		6AC2F4D02E2161CC00F4064A /* Build configuration list for PBXNativeTarget "SimpleMilesTests" */ = {
			isa = XCConfigurationList;
			buildConfigurations = (
				6AC2F4D12E2161CC00F4064A /* Debug */,
				6AC2F4D22E2161CC00F4064A /* Release */,
			);
			defaultConfigurationIsVisible = 0;
			defaultConfigurationName = Release;
		};
		6AC2F4D32E2161CC00F4064A /* Build configuration list for PBXNativeTarget "SimpleMilesUITests" */ = {
			isa = XCConfigurationList;
			buildConfigurations = (
				6AC2F4D42E2161CC00F4064A /* Debug */,
				6AC2F4D52E2161CC00F4064A /* Release */,
			);
			defaultConfigurationIsVisible = 0;
			defaultConfigurationName = Release;
		};
/* End XCConfigurationList section */
	};
	rootObject = 6AC2F4A42E2161CA00F4064A /* Project object */;
}
